
Microsoft Visual Studio Solution File, Format Version 12.00
# Visual Studio Version 17
VisualStudioVersion = 17.8.34511.84
MinimumVisualStudioVersion = 10.0.40219.1
Project("{9A19103F-16F7-4668-BE54-9A1E7A4F7556}") = "Ajax0122", "Ajax0122.csproj", "{4BA96BEC-178C-4ADE-9B50-762B2C03D167}"
EndProject
Global
	GlobalSection(SolutionConfigurationPlatforms) = preSolution
		Debug|Any CPU = Debug|Any CPU
		Release|Any CPU = Release|Any CPU
	EndGlobalSection
	GlobalSection(ProjectConfigurationPlatforms) = postSolution
		{4BA96BEC-178C-4ADE-9B50-762B2C03D167}.Debug|Any CPU.ActiveCfg = Debug|Any CPU
		{4BA96BEC-178C-4ADE-9B50-762B2C03D167}.Debug|Any CPU.Build.0 = Debug|Any CPU
		{4BA96BEC-178C-4ADE-9B50-762B2C03D167}.Release|Any CPU.ActiveCfg = Release|Any CPU
		{4BA96BEC-178C-4ADE-9B50-762B2C03D167}.Release|Any CPU.Build.0 = Release|Any CPU
	EndGlobalSection
	GlobalSection(SolutionProperties) = preSolution
		HideSolutionNode = FALSE
	EndGlobalSection
	GlobalSection(ExtensibilityGlobals) = postSolution
		SolutionGuid = {A7DAD851-6C68-4BB2-AFCE-5DA03FB95C14}
	EndGlobalSection
EndGlobal
